PODS:
  - AFNetworking (4.0.1):
    - AFNetworking/NSURLSession (= 4.0.1)
    - AFNetworking/Reachability (= 4.0.1)
    - AFNetworking/Security (= 4.0.1)
    - AFNetworking/Serialization (= 4.0.1)
    - AFNetworking/UIKit (= 4.0.1)
  - AFNetworking/NSURLSession (4.0.1):
    - AFNetworking/Reachability
    - AFNetworking/Security
    - AFNetworking/Serialization
  - AFNetworking/Reachability (4.0.1)
  - AFNetworking/Security (4.0.1)
  - AFNetworking/Serialization (4.0.1)
  - AFNetworking/UIKit (4.0.1):
    - AFNetworking/NSURLSession
  - FCUUID (1.3.1):
    - UICKeyChainStore (~> 2.1.0)
  - JLRoutes (2.1)
  - LYCategory (1.13.5)
  - LYFactAppCommon (1.0.1):
    - AFNetworking (~> 4.0.1)
    - FCUUID (~> 1.3.1)
    - JLRoutes
    - LYCategory (~> 1.13.5)
  - LYModuleChat (0.1.0):
    - LYCategory (~> 1.13)
    - LYFactAppCommon
    - TXIMSDK_Plus_iOS_Bitcode
  - TXIMSDK_Plus_iOS_Bitcode (5.9.1872)
  - UICKeyChainStore (2.1.2)

DEPENDENCIES:
  - LYCategory
  - LYFactAppCommon
  - LYModuleChat (from `../`)

SPEC REPOS:
  https://github.com/CocoaPods/Specs.git:
    - AFNetworking
    - FCUUID
    - JLRoutes
    - LYCategory
    - LYFactAppCommon
    - TXIMSDK_Plus_iOS_Bitcode
    - UICKeyChainStore

EXTERNAL SOURCES:
  LYModuleChat:
    :path: "../"

SPEC CHECKSUMS:
  AFNetworking: 7864c38297c79aaca1500c33288e429c3451fdce
  FCUUID: bb054fc90cd7cd99320f9f6ff8e130fe607fba05
  JLRoutes: d755245322b94227662ea3e43492fdca94e05c5b
  LYCategory: 51c34a43af4e37ac43138712f77cc6eda314acb2
  LYFactAppCommon: 4d82a2c817e3b3c427917f12401c06a052254fc6
  LYModuleChat: ac521bb51c08576fd9d480336ac74eec8d5deafb
  TXIMSDK_Plus_iOS_Bitcode: 5949ecf24cd4f4f80e5214f2cbfe957bfc1fe21b
  UICKeyChainStore: 85db518bb1d294366d15ec9b92a416c4e670518f

PODFILE CHECKSUM: df655d7a9bde45ced0d27b02a4af248dc10cd39c

COCOAPODS: 1.11.3
